{
  "name": "AdminUtils BP",
  "lockfileVersion": 3,
  "requires": true,
  "packages": {
    "": {
      "dependencies": {
        "@minecraft/server": "^2.11.0-beta.1.26.51-stable",
        "@minecraft/server-ui": "^2.3.0-beta.1.26.51-stable"
      }
    },
    "node_modules/@minecraft/common": {
      "version": "1.3.0",
      "resolved": "https://registry.npmjs.org/@minecraft/common/-/common-1.3.0.tgz",
      "integrity": "sha512-GLT8USFhvEyeTTFHZAgszbrnoT007hmXmK+aO4l+2A1up9/zwZ+4e8R8F0KcKrCWDjLEqkOJtPow0hQCcNJ++Q==",
      "license": "MIT",
      "peer": true
    },
    "node_modules/@minecraft/server": {
      "version": "2.11.0-beta.1.26.51-stable",
      "resolved": "https://registry.npmjs.org/@minecraft/server/-/server-2.11.0-beta.1.26.51-stable.tgz",
      "integrity": "sha512-AEmpZPNW+stdTOdCCUSCWKVBUHIevDGE0hCr+XUGpZPuQQH0k9xrST1y47NuRQlw/riuQAAjA4UsG6tVjwN1jA==",
      "license": "MIT",
      "peerDependencies": {
        "@minecraft/common": "^1.2.0",
        "@minecraft/vanilla-data": ">=1.20.70"
      }
    },
    "node_modules/@minecraft/server-ui": {
      "version": "2.3.0-beta.1.26.51-stable",
      "resolved": "https://registry.npmjs.org/@minecraft/server-ui/-/server-ui-2.3.0-beta.1.26.51-stable.tgz",
      "integrity": "sha512-kXKp3IHdK5ggipJxS0EHQsVkRkOHSd3idQq/mQhchXujzWPPCbB40kOW0Ociw5q9m0L8hQXfqtNahPHzXpfR+Q==",
      "license": "MIT",
      "peerDependencies": {
        "@minecraft/common": "^1.0.0",
        "@minecraft/server": "^2.0.0 || ^2.11.0-beta.1.26.51-stable"
      }
    },
    "node_modules/@minecraft/vanilla-data": {
      "version": "1.26.44",
      "resolved": "https://registry.npmjs.org/@minecraft/vanilla-data/-/vanilla-data-1.26.44.tgz",
      "integrity": "sha512-77Q/ZYrNUDqb1y9velRhal3H2jWVrHS0LnACn48gb6D7dhp9PVGqLGYPztAxkEcaopOkoKDt72j2vvjZqm7/Yg==",
      "license": "MIT",
      "peer": true
    }
  }
}
